// !$*UTF8*$!
{
	archiveVersion = 1;
	classes = {
	};
	objectVersion = 56;
	objects = {

/* Begin PBXBuildFile section */
		74B4C1A55C8C784567034DAA /* Pods_drawLine_GoogleMaps_.framework in Frameworks */ = {isa = PBXBuildFile; fileRef = DBB348DCAB8D05C8890088D7 /* Pods_drawLine_GoogleMaps_.framework */; };
		FA49A5DA2C95CE0100471753 /* AppDelegate.swift in Sources */ = {isa = PBXBuildFile; fileRef = FA49A5D92C95CE0100471753 /* AppDelegate.swift */; };
		FA49A5DC2C95CE0100471753 /* SceneDelegate.swift in Sources */ = {isa = PBXBuildFile; fileRef = FA49A5DB2C95CE0100471753 /* SceneDelegate.swift */; };
		FA49A5DE2C95CE0100471753 /* ViewController.swift in Sources */ = {isa = PBXBuildFile; fileRef = FA49A5DD2C95CE0100471753 /* ViewController.swift */; };
		FA49A5E12C95CE0100471753 /* Main.storyboard in Resources */ = {isa = PBXBuildFile; fileRef = FA49A5DF2C95CE0100471753 /* Main.storyboard */; };
		FA49A5E32C95CE0300471753 /* Assets.xcassets in Resources */ = {isa = PBXBuildFile; fileRef = FA49A5E22C95CE0300471753 /* Assets.xcassets */; };
		FA49A5E62C95CE0300471753 /* LaunchScreen.storyboard in Resources */ = {isa = PBXBuildFile; fileRef = FA49A5E42C95CE0300471753 /* LaunchScreen.storyboard */; };
/* End PBXBuildFile section */

/* Begin PBXFileReference section */
		3C8C3E8E8E8C36505B2B05D3 /* Pods-drawLine(GoogleMaps).release.xcconfig */ = {isa = PBXFileReference; includeInIndex = 1; lastKnownFileType = text.xcconfig; name = "Pods-drawLine(GoogleMaps).release.xcconfig"; path = "Target Support Files/Pods-drawLine(GoogleMaps)/Pods-drawLine(GoogleMaps).release.xcconfig"; sourceTree = "<group>"; };
		D4AF685D20CA0514D30C30C8 /* Pods-drawLine(GoogleMaps).debug.xcconfig */ = {isa = PBXFileReference; includeInIndex = 1; lastKnownFileType = text.xcconfig; name = "Pods-drawLine(GoogleMaps).debug.xcconfig"; path = "Target Support Files/Pods-drawLine(GoogleMaps)/Pods-drawLine(GoogleMaps).debug.xcconfig"; sourceTree = "<group>"; };
		DBB348DCAB8D05C8890088D7 /* Pods_drawLine_GoogleMaps_.framework */ = {isa = PBXFileReference; explicitFileType = wrapper.framework; includeInIndex = 0; path = Pods_drawLine_GoogleMaps_.framework; sourceTree = BUILT_PRODUCTS_DIR; };
		FA49A5D62C95CE0100471753 /* drawLine(GoogleMaps).app */ = {isa = PBXFileReference; explicitFileType = wrapper.application; includeInIndex = 0; path = "drawLine(GoogleMaps).app"; sourceTree = BUILT_PRODUCTS_DIR; };
		FA49A5D92C95CE0100471753 /* AppDelegate.swift */ = {isa = PBXFileReference; lastKnownFileType = sourcecode.swift; path = AppDelegate.swift; sourceTree = "<group>"; };
		FA49A5DB2C95CE0100471753 /* SceneDelegate.swift */ = {isa = PBXFileReference; lastKnownFileType = sourcecode.swift; path = SceneDelegate.swift; sourceTree = "<group>"; };
		FA49A5DD2C95CE0100471753 /* ViewController.swift */ = {isa = PBXFileReference; lastKnownFileType = sourcecode.swift; path = ViewController.swift; sourceTree = "<group>"; };
		FA49A5E02C95CE0100471753 /* Base */ = {isa = PBXFileReference; lastKnownFileType = file.storyboard; name = Base; path = Base.lproj/Main.storyboard; sourceTree = "<group>"; };
		FA49A5E22C95CE0300471753 /* Assets.xcassets */ = {isa = PBXFileReference; lastKnownFileType = folder.assetcatalog; path = Assets.xcassets; sourceTree = "<group>"; };
		FA49A5E52C95CE0300471753 /* Base */ = {isa = PBXFileReference; lastKnownFileType = file.storyboard; name = Base; path = Base.lproj/LaunchScreen.storyboard; sourceTree = "<group>"; };
		FA49A5E72C95CE0300471753 /* Info.plist */ = {isa = PBXFileReference; lastKnownFileType = text.plist.xml; path = Info.plist; sourceTree = "<group>"; };
/* End PBXFileReference section */

/* Begin PBXFrameworksBuildPhase section */
		FA49A5D32C95CE0100471753 /* Frameworks */ = {
			isa = PBXFrameworksBuildPhase;
			buildActionMask = 2147483647;
			files = (
				74B4C1A55C8C784567034DAA /* Pods_drawLine_GoogleMaps_.framework in Frameworks */,
			);
			runOnlyForDeploymentPostprocessing = 0;
		};
/* End PBXFrameworksBuildPhase section */

/* Begin PBXGroup section */
		3AE6E08DC42985C5A36AA0EF /* Frameworks */ = {
			isa = PBXGroup;
			children = (
				DBB348DCAB8D05C8890088D7 /* Pods_drawLine_GoogleMaps_.framework */,
			);
			name = Frameworks;
			sourceTree = "<group>";
		};
		515739CC09446214063AE1D8 /* Pods */ = {
			isa = PBXGroup;
			children = (
				D4AF685D20CA0514D30C30C8 /* Pods-drawLine(GoogleMaps).debug.xcconfig */,
				3C8C3E8E8E8C36505B2B05D3 /* Pods-drawLine(GoogleMaps).release.xcconfig */,
			);
			path = Pods;
			sourceTree = "<group>";
		};
		FA49A5CD2C95CE0100471753 = {
			isa = PBXGroup;
			children = (
				FA49A5D82C95CE0100471753 /* drawLine(GoogleMaps) */,
				FA49A5D72C95CE0100471753 /* Products */,
				515739CC09446214063AE1D8 /* Pods */,
				3AE6E08DC42985C5A36AA0EF /* Frameworks */,
			);
			sourceTree = "<group>";
		};
		FA49A5D72C95CE0100471753 /* Products */ = {
			isa = PBXGroup;
			children = (
				FA49A5D62C95CE0100471753 /* drawLine(GoogleMaps).app */,
			);
			name = Products;
			sourceTree = "<group>";
		};
		FA49A5D82C95CE0100471753 /* drawLine(GoogleMaps) */ = {
			isa = PBXGroup;
			children = (
				FA49A5D92C95CE0100471753 /* AppDelegate.swift */,
				FA49A5DB2C95CE0100471753 /* SceneDelegate.swift */,
				FA49A5DD2C95CE0100471753 /* ViewController.swift */,
				FA49A5DF2C95CE0100471753 /* Main.storyboard */,
				FA49A5E22C95CE0300471753 /* Assets.xcassets */,
				FA49A5E42C95CE0300471753 /* LaunchScreen.storyboard */,
				FA49A5E72C95CE0300471753 /* Info.plist */,
			);
			path = "drawLine(GoogleMaps)";
			sourceTree = "<group>";
		};
/* End PBXGroup section */

/* Begin PBXNativeTarget section */
		FA49A5D52C95CE0100471753 /* drawLine(GoogleMaps) */ = {
			isa = PBXNativeTarget;
			buildConfigurationList = FA49A5EA2C95CE0300471753 /* Build configuration list for PBXNativeTarget "drawLine(GoogleMaps)" */;
			buildPhases = (
				63A57D7BDA02B9FC3419476F /* [CP] Check Pods Manifest.lock */,
				FA49A5D22C95CE0100471753 /* Sources */,
				FA49A5D32C95CE0100471753 /* Frameworks */,
				FA49A5D42C95CE0100471753 /* Resources */,
				0CCBE050D1214BD06D74528E /* [CP] Copy Pods Resources */,
			);
			buildRules = (
			);
			dependencies = (
			);
			name = "drawLine(GoogleMaps)";
			productName = "drawLine(GoogleMaps)";
			productReference = FA49A5D62C95CE0100471753 /* drawLine(GoogleMaps).app */;
			productType = "com.apple.product-type.application";
		};
/* End PBXNativeTarget section */

/* Begin PBXProject section */
		FA49A5CE2C95CE0100471753 /* Project object */ = {
			isa = PBXProject;
			attributes = {
				BuildIndependentTargetsInParallel = 1;
				LastSwiftUpdateCheck = 1420;
				LastUpgradeCheck = 1420;
				TargetAttributes = {
					FA49A5D52C95CE0100471753 = {
						CreatedOnToolsVersion = 14.2;
					};
				};
			};
			buildConfigurationList = FA49A5D12C95CE0100471753 /* Build configuration list for PBXProject "drawLine(GoogleMaps)" */;
			compatibilityVersion = "Xcode 14.0";
			developmentRegion = en;
			hasScannedForEncodings = 0;
			knownRegions = (
				en,
				Base,
			);
			mainGroup = FA49A5CD2C95CE0100471753;
			productRefGroup = FA49A5D72C95CE0100471753 /* Products */;
			projectDirPath = "";
			projectRoot = "";
			targets = (
				FA49A5D52C95CE0100471753 /* drawLine(GoogleMaps) */,
			);
		};
/* End PBXProject section */

/* Begin PBXResourcesBuildPhase section */
		FA49A5D42C95CE0100471753 /* Resources */ = {
			isa = PBXResourcesBuildPhase;
			buildActionMask = 2147483647;
			files = (
				FA49A5E62C95CE0300471753 /* LaunchScreen.storyboard in Resources */,
				FA49A5E32C95CE0300471753 /* Assets.xcassets in Resources */,
				FA49A5E12C95CE0100471753 /* Main.storyboard in Resources */,
			);
			runOnlyForDeploymentPostprocessing = 0;
		};
/* End PBXResourcesBuildPhase section */

/* Begin PBXShellScriptBuildPhase section */
		0CCBE050D1214BD06D74528E /* [CP] Copy Pods Resources */ = {
			isa = PBXShellScriptBuildPhase;
			buildActionMask = 2147483647;
			files = (
			);
			inputFileListPaths = (
				"${PODS_ROOT}/Target Support Files/Pods-drawLine(GoogleMaps)/Pods-drawLine(GoogleMaps)-resources-${CONFIGURATION}-input-files.xcfilelist",
			);
			name = "[CP] Copy Pods Resources";
			outputFileListPaths = (
				"${PODS_ROOT}/Target Support Files/Pods-drawLine(GoogleMaps)/Pods-drawLine(GoogleMaps)-resources-${CONFIGURATION}-output-files.xcfilelist",
			);
			runOnlyForDeploymentPostprocessing = 0;
			shellPath = /bin/sh;
			shellScript = "\"${PODS_ROOT}/Target Support Files/Pods-drawLine(GoogleMaps)/Pods-drawLine(GoogleMaps)-resources.sh\"\n";
			showEnvVarsInLog = 0;
		};
		63A57D7BDA02B9FC3419476F /* [CP] Check Pods Manifest.lock */ = {
			isa = PBXShellScriptBuildPhase;
			buildActionMask = 2147483647;
			files = (
			);
			inputFileListPaths = (
			);
			inputPaths = (
				"${PODS_PODFILE_DIR_PATH}/Podfile.lock",
				"${PODS_ROOT}/Manifest.lock",
			);
			name = "[CP] Check Pods Manifest.lock";
			outputFileListPaths = (
			);
			outputPaths = (
				"$(DERIVED_FILE_DIR)/Pods-drawLine(GoogleMaps)-checkManifestLockResult.txt",
			);
			runOnlyForDeploymentPostprocessing = 0;
			shellPath = /bin/sh;
			shellScript = "diff \"${PODS_PODFILE_DIR_PATH}/Podfile.lock\" \"${PODS_ROOT}/Manifest.lock\" > /dev/null\nif [ $? != 0 ] ; then\n    # print error to STDERR\n    echo \"error: The sandbox is not in sync with the Podfile.lock. Run 'pod install' or update your CocoaPods installation.\" >&2\n    exit 1\nfi\n# This output is used by Xcode 'outputs' to avoid re-running this script phase.\necho \"SUCCESS\" > \"${SCRIPT_OUTPUT_FILE_0}\"\n";
			showEnvVarsInLog = 0;
		};
/* End PBXShellScriptBuildPhase section */

/* Begin PBXSourcesBuildPhase section */
		FA49A5D22C95CE0100471753 /* Sources */ = {
			isa = PBXSourcesBuildPhase;
			buildActionMask = 2147483647;
			files = (
				FA49A5DE2C95CE0100471753 /* ViewController.swift in Sources */,
				FA49A5DA2C95CE0100471753 /* AppDelegate.swift in Sources */,
				FA49A5DC2C95CE0100471753 /* SceneDelegate.swift in Sources */,
			);
			runOnlyForDeploymentPostprocessing = 0;
		};
/* End PBXSourcesBuildPhase section */

/* Begin PBXVariantGroup section */
		FA49A5DF2C95CE0100471753 /* Main.storyboard */ = {
			isa = PBXVariantGroup;
			children = (
				FA49A5E02C95CE0100471753 /* Base */,
			);
			name = Main.storyboard;
			sourceTree = "<group>";
		};
		FA49A5E42C95CE0300471753 /* LaunchScreen.storyboard */ = {
			isa = PBXVariantGroup;
			children = (
				FA49A5E52C95CE0300471753 /* Base */,
			);
			name = LaunchScreen.storyboard;
			sourceTree = "<group>";
		};
/* End PBXVariantGroup section */

/* Begin XCBuildConfiguration section */
		FA49A5E82C95CE0300471753 /* Debug */ = {
			isa = XCBuildConfiguration;
			buildSettings = {
				ALWAYS_SEARCH_USER_PATHS = NO;
				CLANG_ANALYZER_NONNULL = YES;
				CLANG_ANALYZER_NUMBER_OBJECT_CONVERSION = YES_AGGRESSIVE;
				CLANG_CXX_LANGUAGE_STANDARD = "gnu++20";
				CLANG_ENABLE_MODULES = YES;
				CLANG_ENABLE_OBJC_ARC = YES;
				CLANG_ENABLE_OBJC_WEAK = YES;
				CLANG_WARN_BLOCK_CAPTURE_AUTORELEASING = YES;
				CLANG_WARN_BOOL_CONVERSION = YES;
				CLANG_WARN_COMMA = YES;
				CLANG_WARN_CONSTANT_CONVERSION = YES;
				CLANG_WARN_DEPRECATED_OBJC_IMPLEMENTATIONS = YES;
				CLANG_WARN_DIRECT_OBJC_ISA_USAGE = YES_ERROR;
				CLANG_WARN_DOCUMENTATION_COMMENTS = YES;
				CLANG_WARN_EMPTY_BODY = YES;
				CLANG_WARN_ENUM_CONVERSION = YES;
				CLANG_WARN_INFINITE_RECURSION = YES;
				CLANG_WARN_INT_CONVERSION = YES;
				CLANG_WARN_NON_LITERAL_NULL_CONVERSION = YES;
				CLANG_WARN_OBJC_IMPLICIT_RETAIN_SELF = YES;
				CLANG_WARN_OBJC_LITERAL_CONVERSION = YES;
				CLANG_WARN_OBJC_ROOT_CLASS = YES_ERROR;
				CLANG_WARN_QUOTED_INCLUDE_IN_FRAMEWORK_HEADER = YES;
				CLANG_WARN_RANGE_LOOP_ANALYSIS = YES;
				CLANG_WARN_STRICT_PROTOTYPES = YES;
				CLANG_WARN_SUSPICIOUS_MOVE = YES;
				CLANG_WARN_UNGUARDED_AVAILABILITY = YES_AGGRESSIVE;
				CLANG_WARN_UNREACHABLE_CODE = YES;
				CLANG_WARN__DUPLICATE_METHOD_MATCH = YES;
				COPY_PHASE_STRIP = NO;
				DEBUG_INFORMATION_FORMAT = dwarf;
				ENABLE_STRICT_OBJC_MSGSEND = YES;
				ENABLE_TESTABILITY = YES;
				GCC_C_LANGUAGE_STANDARD = gnu11;
				GCC_DYNAMIC_NO_PIC = NO;
				GCC_NO_COMMON_BLOCKS = YES;
				GCC_OPTIMIZATION_LEVEL = 0;
				GCC_PREPROCESSOR_DEFINITIONS = (
					"DEBUG=1",
					"$(inherited)",
				);
				GCC_WARN_64_TO_32_BIT_CONVERSION = YES;
				GCC_WARN_ABOUT_RETURN_TYPE = YES_ERROR;
				GCC_WARN_UNDECLARED_SELECTOR = YES;
				GCC_WARN_UNINITIALIZED_AUTOS = YES_AGGRESSIVE;
				GCC_WARN_UNUSED_FUNCTION = YES;
				GCC_WARN_UNUSED_VARIABLE = YES;
				IPHONEOS_DEPLOYMENT_TARGET = 16.2;
				MTL_ENABLE_DEBUG_INFO = INCLUDE_SOURCE;
				MTL_FAST_MATH = YES;
				ONLY_ACTIVE_ARCH = YES;
				SDKROOT = iphoneos;
				SWIFT_ACTIVE_COMPILATION_CONDITIONS = DEBUG;
				SWIFT_OPTIMIZATION_LEVEL = "-Onone";
			};
			name = Debug;
		};
		FA49A5E92C95CE0300471753 /* Release */ = {
			isa = XCBuildConfiguration;
			buildSettings = {
				ALWAYS_SEARCH_USER_PATHS = NO;
				CLANG_ANALYZER_NONNULL = YES;
				CLANG_ANALYZER_NUMBER_OBJECT_CONVERSION = YES_AGGRESSIVE;
				CLANG_CXX_LANGUAGE_STANDARD = "gnu++20";
				CLANG_ENABLE_MODULES = YES;
				CLANG_ENABLE_OBJC_ARC = YES;
				CLANG_ENABLE_OBJC_WEAK = YES;
				CLANG_WARN_BLOCK_CAPTURE_AUTORELEASING = YES;
				CLANG_WARN_BOOL_CONVERSION = YES;
				CLANG_WARN_COMMA = YES;
				CLANG_WARN_CONSTANT_CONVERSION = YES;
				CLANG_WARN_DEPRECATED_OBJC_IMPLEMENTATIONS = YES;
				CLANG_WARN_DIRECT_OBJC_ISA_USAGE = YES_ERROR;
				CLANG_WARN_DOCUMENTATION_COMMENTS = YES;
				CLANG_WARN_EMPTY_BODY = YES;
				CLANG_WARN_ENUM_CONVERSION = YES;
				CLANG_WARN_INFINITE_RECURSION = YES;
				CLANG_WARN_INT_CONVERSION = YES;
				CLANG_WARN_NON_LITERAL_NULL_CONVERSION = YES;
				CLANG_WARN_OBJC_IMPLICIT_RETAIN_SELF = YES;
				CLANG_WARN_OBJC_LITERAL_CONVERSION = YES;
				CLANG_WARN_OBJC_ROOT_CLASS = YES_ERROR;
				CLANG_WARN_QUOTED_INCLUDE_IN_FRAMEWORK_HEADER = YES;
				CLANG_WARN_RANGE_LOOP_ANALYSIS = YES;
				CLANG_WARN_STRICT_PROTOTYPES = YES;
				CLANG_WARN_SUSPICIOUS_MOVE = YES;
				CLANG_WARN_UNGUARDED_AVAILABILITY = YES_AGGRESSIVE;
				CLANG_WARN_UNREACHABLE_CODE = YES;
				CLANG_WARN__DUPLICATE_METHOD_MATCH = YES;
				COPY_PHASE_STRIP = NO;
				DEBUG_INFORMATION_FORMAT = "dwarf-with-dsym";
				ENABLE_NS_ASSERTIONS = NO;
				ENABLE_STRICT_OBJC_MSGSEND = YES;
				GCC_C_LANGUAGE_STANDARD = gnu11;
				GCC_NO_COMMON_BLOCKS = YES;
				GCC_WARN_64_TO_32_BIT_CONVERSION = YES;
				GCC_WARN_ABOUT_RETURN_TYPE = YES_ERROR;
				GCC_WARN_UNDECLARED_SELECTOR = YES;
				GCC_WARN_UNINITIALIZED_AUTOS = YES_AGGRESSIVE;
				GCC_WARN_UNUSED_FUNCTION = YES;
				GCC_WARN_UNUSED_VARIABLE = YES;
				IPHONEOS_DEPLOYMENT_TARGET = 16.2;
				MTL_ENABLE_DEBUG_INFO = NO;
				MTL_FAST_MATH = YES;
				SDKROOT = iphoneos;
				SWIFT_COMPILATION_MODE = wholemodule;
				SWIFT_OPTIMIZATION_LEVEL = "-O";
				VALIDATE_PRODUCT = YES;
			};
			name = Release;
		};
		FA49A5EB2C95CE0300471753 /* Debug */ = {
			isa = XCBuildConfiguration;
			baseConfigurationReference = D4AF685D20CA0514D30C30C8 /* Pods-drawLine(GoogleMaps).debug.xcconfig */;
			buildSettings = {
				ASSETCATALOG_COMPILER_APPICON_NAME = AppIcon;
				ASSETCATALOG_COMPILER_GLOBAL_ACCENT_COLOR_NAME = AccentColor;
				CODE_SIGN_STYLE = Automatic;
				CURRENT_PROJECT_VERSION = 1;
				DEVELOPMENT_TEAM = Q94UKP9X9W;
				GENERATE_INFOPLIST_FILE = YES;
				INFOPLIST_FILE = "drawLine(GoogleMaps)/Info.plist";
				INFOPLIST_KEY_NSLocationAlwaysAndWhenInUseUsageDescription = Test;
				INFOPLIST_KEY_NSLocationWhenInUseUsageDescription = Test;
				INFOPLIST_KEY_UIApplicationSupportsIndirectInputEvents = YES;
				INFOPLIST_KEY_UILaunchStoryboardName = LaunchScreen;
				INFOPLIST_KEY_UIMainStoryboardFile = Main;
				INFOPLIST_KEY_UISupportedInterfaceOrientations_iPad = "UIInterfaceOrientationPortrait UIInterfaceOrientationPortraitUpsideDown UIInterfaceOrientationLandscapeLeft UIInterfaceOrientationLandscapeRight";
				INFOPLIST_KEY_UISupportedInterfaceOrientations_iPhone = "UIInterfaceOrientationPortrait UIInterfaceOrientationLandscapeLeft UIInterfaceOrientationLandscapeRight";
				LD_RUNPATH_SEARCH_PATHS = (
					"$(inherited)",
					"@executable_path/Frameworks",
				);
				MARKETING_VERSION = 1.0;
				PRODUCT_BUNDLE_IDENTIFIER = "ka.drawLine-GoogleMaps-";
				PRODUCT_NAME = "$(TARGET_NAME)";
				SWIFT_EMIT_LOC_STRINGS = YES;
				SWIFT_VERSION = 5.0;
				TARGETED_DEVICE_FAMILY = "1,2";
			};
			name = Debug;
		};
		FA49A5EC2C95CE0300471753 /* Release */ = {
			isa = XCBuildConfiguration;
			baseConfigurationReference = 3C8C3E8E8E8C36505B2B05D3 /* Pods-drawLine(GoogleMaps).release.xcconfig */;
			buildSettings = {
				ASSETCATALOG_COMPILER_APPICON_NAME = AppIcon;
				ASSETCATALOG_COMPILER_GLOBAL_ACCENT_COLOR_NAME = AccentColor;
				CODE_SIGN_STYLE = Automatic;
				CURRENT_PROJECT_VERSION = 1;
				DEVELOPMENT_TEAM = Q94UKP9X9W;
				GENERATE_INFOPLIST_FILE = YES;
				INFOPLIST_FILE = "drawLine(GoogleMaps)/Info.plist";
				INFOPLIST_KEY_NSLocationAlwaysAndWhenInUseUsageDescription = Test;
				INFOPLIST_KEY_NSLocationWhenInUseUsageDescription = Test;
				INFOPLIST_KEY_UIApplicationSupportsIndirectInputEvents = YES;
				INFOPLIST_KEY_UILaunchStoryboardName = LaunchScreen;
				INFOPLIST_KEY_UIMainStoryboardFile = Main;
				INFOPLIST_KEY_UISupportedInterfaceOrientations_iPad = "UIInterfaceOrientationPortrait UIInterfaceOrientationPortraitUpsideDown UIInterfaceOrientationLandscapeLeft UIInterfaceOrientationLandscapeRight";
				INFOPLIST_KEY_UISupportedInterfaceOrientations_iPhone = "UIInterfaceOrientationPortrait UIInterfaceOrientationLandscapeLeft UIInterfaceOrientationLandscapeRight";
				LD_RUNPATH_SEARCH_PATHS = (
					"$(inherited)",
					"@executable_path/Frameworks",
				);
				MARKETING_VERSION = 1.0;
				PRODUCT_BUNDLE_IDENTIFIER = "ka.drawLine-GoogleMaps-";
				PRODUCT_NAME = "$(TARGET_NAME)";
				SWIFT_EMIT_LOC_STRINGS = YES;
				SWIFT_VERSION = 5.0;
				TARGETED_DEVICE_FAMILY = "1,2";
			};
			name = Release;
		};
/* End XCBuildConfiguration section */

/* Begin XCConfigurationList section */
		FA49A5D12C95CE0100471753 /* Build configuration list for PBXProject "drawLine(GoogleMaps)" */ = {
			isa = XCConfigurationList;
			buildConfigurations = (
				FA49A5E82C95CE0300471753 /* Debug */,
				FA49A5E92C95CE0300471753 /* Release */,
			);
			defaultConfigurationIsVisible = 0;
			defaultConfigurationName = Release;
		};
		FA49A5EA2C95CE0300471753 /* Build configuration list for PBXNativeTarget "drawLine(GoogleMaps)" */ = {
			isa = XCConfigurationList;
			buildConfigurations = (
				FA49A5EB2C95CE0300471753 /* Debug */,
				FA49A5EC2C95CE0300471753 /* Release */,
			);
			defaultConfigurationIsVisible = 0;
			defaultConfigurationName = Release;
		};
/* End XCConfigurationList section */
	};
	rootObject = FA49A5CE2C95CE0100471753 /* Project object */;
}
